// !$*UTF8*$!
{
	archiveVersion = 1;
	classes = {
	};
	objectVersion = 46;
	objects = {

/* Begin PBXGroup section */
		AE9DE6D61B7C11B1007F2D55 = {
			isa = PBXGroup;
			children = (
			);
			sourceTree = "<group>";
		};
/* End PBXGroup section */

/* Begin PBXProject section */
		AE9DE6D71B7C11B1007F2D55 /* Project object */ = {
			isa = PBXProject;
			attributes = {
				LastUpgradeCheck = 0640;
			};
			buildConfigurationList = AE9DE6DA1B7C11B1007F2D55 /* Build configuration list for PBXProject "remote-desktop-server" */;
			compatibilityVersion = "Xcode 3.2";
			developmentRegion = English;
			hasScannedForEncodings = 0;
			knownRegions = (
				en,
			);
			mainGroup = AE9DE6D61B7C11B1007F2D55;
			projectDirPath = "";
			projectRoot = "";
			targets = (
			);
		};
/* End PBXProject section */

/* Begin XCBuildConfiguration section */
		AE9DE6DB1B7C11B1007F2D55 /* Debug */ = {
			isa = XCBuildConfiguration;
			buildSettings = {
			};
			name = Debug;
		};
		AE9DE6DC1B7C11B1007F2D55 /* Release */ = {
			isa = XCBuildConfiguration;
			buildSettings = {
			};
			name = Release;
		};
/* End XCBuildConfiguration section */

/* Begin XCConfigurationList section */
		AE9DE6DA1B7C11B1007F2D55 /* Build configuration list for PBXProject "remote-desktop-server" */ = {
			isa = XCConfigurationList;
			buildConfigurations = (
				AE9DE6DB1B7C11B1007F2D55 /* Debug */,
				AE9DE6DC1B7C11B1007F2D55 /* Release */,
			);
			defaultConfigurationIsVisible = 0;
			defaultConfigurationName = Release;
		};
/* End XCConfigurationList section */
	};
	rootObject = AE9DE6D71B7C11B1007F2D55 /* Project object */;
}
