// !$*UTF8*$!
{
	archiveVersion = 1;
	classes = {
	};
	objectVersion = 46;
	objects = {

/* Begin PBXBuildFile section */
		AE9DE6EA1B7C37BF007F2D55 /* main.m in Sources */ = {isa = PBXBuildFile; fileRef = AE9DE6E91B7C37BF007F2D55 /* main.m */; };
/* End PBXBuildFile section */

/* Begin PBXCopyFilesBuildPhase section */
		AE9DE6E41B7C37BF007F2D55 /* CopyFiles */ = {
			isa = PBXCopyFilesBuildPhase;
			buildActionMask = 2147483647;
			dstPath = /usr/share/man/man1/;
			dstSubfolderSpec = 0;
			files = (
			);
			runOnlyForDeploymentPostprocessing = 1;
		};
/* End PBXCopyFilesBuildPhase section */

/* Begin PBXFileReference section */
		AE9DE6E61B7C37BF007F2D55 /* OSXRemoteDesktop */ = {isa = PBXFileReference; explicitFileType = "compiled.mach-o.executable"; includeInIndex = 0; path = OSXRemoteDesktop; sourceTree = BUILT_PRODUCTS_DIR; };
		AE9DE6E91B7C37BF007F2D55 /* main.m */ = {isa = PBXFileReference; lastKnownFileType = sourcecode.c.objc; path = main.m; sourceTree = "<group>"; };
/* End PBXFileReference section */

/* Begin PBXFrameworksBuildPhase section */
		AE9DE6E31B7C37BF007F2D55 /* Frameworks */ = {
			isa = PBXFrameworksBuildPhase;
			buildActionMask = 2147483647;
			files = (
			);
			runOnlyForDeploymentPostprocessing = 0;
		};
/* End PBXFrameworksBuildPhase section */

/* Begin PBXGroup section */
		AE9DE6DD1B7C37BF007F2D55 = {
			isa = PBXGroup;
			children = (
				AE9DE6E81B7C37BF007F2D55 /* OSXRemoteDesktop */,
				AE9DE6E71B7C37BF007F2D55 /* Products */,
			);
			sourceTree = "<group>";
		};
		AE9DE6E71B7C37BF007F2D55 /* Products */ = {
			isa = PBXGroup;
			children = (
				AE9DE6E61B7C37BF007F2D55 /* OSXRemoteDesktop */,
			);
			name = Products;
			sourceTree = "<group>";
		};
		AE9DE6E81B7C37BF007F2D55 /* OSXRemoteDesktop */ = {
			isa = PBXGroup;
			children = (
				AE9DE6E91B7C37BF007F2D55 /* main.m */,
			);
			path = OSXRemoteDesktop;
			sourceTree = "<group>";
		};
/* End PBXGroup section */

/* Begin PBXNativeTarget section */
		AE9DE6E51B7C37BF007F2D55 /* OSXRemoteDesktop */ = {
			isa = PBXNativeTarget;
			buildConfigurationList = AE9DE6ED1B7C37BF007F2D55 /* Build configuration list for PBXNativeTarget "OSXRemoteDesktop" */;
			buildPhases = (
				AE9DE6E21B7C37BF007F2D55 /* Sources */,
				AE9DE6E31B7C37BF007F2D55 /* Frameworks */,
				AE9DE6E41B7C37BF007F2D55 /* CopyFiles */,
			);
			buildRules = (
			);
			dependencies = (
			);
			name = OSXRemoteDesktop;
			productName = OSXRemoteDesktop;
			productReference = AE9DE6E61B7C37BF007F2D55 /* OSXRemoteDesktop */;
			productType = "com.apple.product-type.tool";
		};
/* End PBXNativeTarget section */

/* Begin PBXProject section */
		AE9DE6DE1B7C37BF007F2D55 /* Project object */ = {
			isa = PBXProject;
			attributes = {
				LastUpgradeCheck = 0640;
				ORGANIZATIONNAME = browsertap;
				TargetAttributes = {
					AE9DE6E51B7C37BF007F2D55 = {
						CreatedOnToolsVersion = 6.4;
					};
				};
			};
			buildConfigurationList = AE9DE6E11B7C37BF007F2D55 /* Build configuration list for PBXProject "OSXRemoteDesktop" */;
			compatibilityVersion = "Xcode 3.2";
			developmentRegion = English;
			hasScannedForEncodings = 0;
			knownRegions = (
				en,
			);
			mainGroup = AE9DE6DD1B7C37BF007F2D55;
			productRefGroup = AE9DE6E71B7C37BF007F2D55 /* Products */;
			projectDirPath = "";
			projectRoot = "";
			targets = (
				AE9DE6E51B7C37BF007F2D55 /* OSXRemoteDesktop */,
			);
		};
/* End PBXProject section */

/* Begin PBXSourcesBuildPhase section */
		AE9DE6E21B7C37BF007F2D55 /* Sources */ = {
			isa = PBXSourcesBuildPhase;
			buildActionMask = 2147483647;
			files = (
				AE9DE6EA1B7C37BF007F2D55 /* main.m in Sources */,
			);
			runOnlyForDeploymentPostprocessing = 0;
		};
/* End PBXSourcesBuildPhase section */

/* Begin XCBuildConfiguration section */
		AE9DE6EB1B7C37BF007F2D55 /* Debug */ = {
			isa = XCBuildConfiguration;
			buildSettings = {
				ALWAYS_SEARCH_USER_PATHS = NO;
				CLANG_CXX_LANGUAGE_STANDARD = "gnu++0x";
				CLANG_CXX_LIBRARY = "libc++";
				CLANG_ENABLE_MODULES = YES;
				CLANG_ENABLE_OBJC_ARC = YES;
				CLANG_WARN_BOOL_CONVERSION = YES;
				CLANG_WARN_CONSTANT_CONVERSION = YES;
				CLANG_WARN_DIRECT_OBJC_ISA_USAGE = YES_ERROR;
				CLANG_WARN_EMPTY_BODY = YES;
				CLANG_WARN_ENUM_CONVERSION = YES;
				CLANG_WARN_INT_CONVERSION = YES;
				CLANG_WARN_OBJC_ROOT_CLASS = YES_ERROR;
				CLANG_WARN_UNREACHABLE_CODE = YES;
				CLANG_WARN__DUPLICATE_METHOD_MATCH = YES;
				COPY_PHASE_STRIP = NO;
				DEBUG_INFORMATION_FORMAT = dwarf;
				ENABLE_STRICT_OBJC_MSGSEND = YES;
				GCC_C_LANGUAGE_STANDARD = gnu99;
				GCC_DYNAMIC_NO_PIC = NO;
				GCC_NO_COMMON_BLOCKS = YES;
				GCC_OPTIMIZATION_LEVEL = 0;
				GCC_PREPROCESSOR_DEFINITIONS = (
					"DEBUG=1",
					"$(inherited)",
				);
				GCC_SYMBOLS_PRIVATE_EXTERN = NO;
				GCC_WARN_64_TO_32_BIT_CONVERSION = YES;
				GCC_WARN_ABOUT_RETURN_TYPE = YES_ERROR;
				GCC_WARN_UNDECLARED_SELECTOR = YES;
				GCC_WARN_UNINITIALIZED_AUTOS = YES_AGGRESSIVE;
				GCC_WARN_UNUSED_FUNCTION = YES;
				GCC_WARN_UNUSED_VARIABLE = YES;
				MACOSX_DEPLOYMENT_TARGET = 10.10;
				MTL_ENABLE_DEBUG_INFO = YES;
				ONLY_ACTIVE_ARCH = YES;
				SDKROOT = macosx;
			};
			name = Debug;
		};
		AE9DE6EC1B7C37BF007F2D55 /* Release */ = {
			isa = XCBuildConfiguration;
			buildSettings = {
				ALWAYS_SEARCH_USER_PATHS = NO;
				CLANG_CXX_LANGUAGE_STANDARD = "gnu++0x";
				CLANG_CXX_LIBRARY = "libc++";
				CLANG_ENABLE_MODULES = YES;
				CLANG_ENABLE_OBJC_ARC = YES;
				CLANG_WARN_BOOL_CONVERSION = YES;
				CLANG_WARN_CONSTANT_CONVERSION = YES;
				CLANG_WARN_DIRECT_OBJC_ISA_USAGE = YES_ERROR;
				CLANG_WARN_EMPTY_BODY = YES;
				CLANG_WARN_ENUM_CONVERSION = YES;
				CLANG_WARN_INT_CONVERSION = YES;
				CLANG_WARN_OBJC_ROOT_CLASS = YES_ERROR;
				CLANG_WARN_UNREACHABLE_CODE = YES;
				CLANG_WARN__DUPLICATE_METHOD_MATCH = YES;
				COPY_PHASE_STRIP = NO;
				DEBUG_INFORMATION_FORMAT = "dwarf-with-dsym";
				ENABLE_NS_ASSERTIONS = NO;
				ENABLE_STRICT_OBJC_MSGSEND = YES;
				GCC_C_LANGUAGE_STANDARD = gnu99;
				GCC_NO_COMMON_BLOCKS = YES;
				GCC_WARN_64_TO_32_BIT_CONVERSION = YES;
				GCC_WARN_ABOUT_RETURN_TYPE = YES_ERROR;
				GCC_WARN_UNDECLARED_SELECTOR = YES;
				GCC_WARN_UNINITIALIZED_AUTOS = YES_AGGRESSIVE;
				GCC_WARN_UNUSED_FUNCTION = YES;
				GCC_WARN_UNUSED_VARIABLE = YES;
				MACOSX_DEPLOYMENT_TARGET = 10.10;
				MTL_ENABLE_DEBUG_INFO = NO;
				SDKROOT = macosx;
			};
			name = Release;
		};
		AE9DE6EE1B7C37BF007F2D55 /* Debug */ = {
			isa = XCBuildConfiguration;
			buildSettings = {
				PRODUCT_NAME = "$(TARGET_NAME)";
			};
			name = Debug;
		};
		AE9DE6EF1B7C37BF007F2D55 /* Release */ = {
			isa = XCBuildConfiguration;
			buildSettings = {
				PRODUCT_NAME = "$(TARGET_NAME)";
			};
			name = Release;
		};
/* End XCBuildConfiguration section */

/* Begin XCConfigurationList section */
		AE9DE6E11B7C37BF007F2D55 /* Build configuration list for PBXProject "OSXRemoteDesktop" */ = {
			isa = XCConfigurationList;
			buildConfigurations = (
				AE9DE6EB1B7C37BF007F2D55 /* Debug */,
				AE9DE6EC1B7C37BF007F2D55 /* Release */,
			);
			defaultConfigurationIsVisible = 0;
			defaultConfigurationName = Release;
		};
		AE9DE6ED1B7C37BF007F2D55 /* Build configuration list for PBXNativeTarget "OSXRemoteDesktop" */ = {
			isa = XCConfigurationList;
			buildConfigurations = (
				AE9DE6EE1B7C37BF007F2D55 /* Debug */,
				AE9DE6EF1B7C37BF007F2D55 /* Release */,
			);
			defaultConfigurationIsVisible = 0;
		};
/* End XCConfigurationList section */
	};
	rootObject = AE9DE6DE1B7C37BF007F2D55 /* Project object */;
}
