// !$*UTF8*$!
{
	archiveVersion = 1;
	classes = {
	};
	objectVersion = 46;
	objects = {

/* Begin PBXBuildFile section */
		AEA11CEB1B81929F003E4C2F /* main.cpp in Sources */ = {isa = PBXBuildFile; fileRef = AEA11CEA1B81929F003E4C2F /* main.cpp */; };
		AEA11CF61B819300003E4C2F /* OSXScreen.cpp in Sources */ = {isa = PBXBuildFile; fileRef = AEA11CF41B819300003E4C2F /* OSXScreen.cpp */; };
		AEA11CF91B819315003E4C2F /* OSXScreens.cpp in Sources */ = {isa = PBXBuildFile; fileRef = AEA11CF71B819315003E4C2F /* OSXScreens.cpp */; };
		AEA11CFC1B8193D1003E4C2F /* OSXSystem.cpp in Sources */ = {isa = PBXBuildFile; fileRef = AEA11CFA1B8193D1003E4C2F /* OSXSystem.cpp */; };
/* End PBXBuildFile section */

/* Begin PBXCopyFilesBuildPhase section */
		AEA11CE51B81929F003E4C2F /* CopyFiles */ = {
			isa = PBXCopyFilesBuildPhase;
			buildActionMask = 2147483647;
			dstPath = /usr/share/man/man1/;
			dstSubfolderSpec = 0;
			files = (
			);
			runOnlyForDeploymentPostprocessing = 1;
		};
/* End PBXCopyFilesBuildPhase section */

/* Begin PBXFileReference section */
		AEA11CE71B81929F003E4C2F /* RemoteDesktop */ = {isa = PBXFileReference; explicitFileType = "compiled.mach-o.executable"; includeInIndex = 0; path = RemoteDesktop; sourceTree = BUILT_PRODUCTS_DIR; };
		AEA11CEA1B81929F003E4C2F /* main.cpp */ = {isa = PBXFileReference; lastKnownFileType = sourcecode.cpp.cpp; path = main.cpp; sourceTree = "<group>"; };
		AEA11CF21B8192D9003E4C2F /* Screen.h */ = {isa = PBXFileReference; lastKnownFileType = sourcecode.c.h; path = Screen.h; sourceTree = "<group>"; };
		AEA11CF41B819300003E4C2F /* OSXScreen.cpp */ = {isa = PBXFileReference; fileEncoding = 4; lastKnownFileType = sourcecode.cpp.cpp; path = OSXScreen.cpp; sourceTree = "<group>"; };
		AEA11CF51B819300003E4C2F /* OSXScreen.h */ = {isa = PBXFileReference; fileEncoding = 4; lastKnownFileType = sourcecode.c.h; path = OSXScreen.h; sourceTree = "<group>"; };
		AEA11CF71B819315003E4C2F /* OSXScreens.cpp */ = {isa = PBXFileReference; fileEncoding = 4; lastKnownFileType = sourcecode.cpp.cpp; path = OSXScreens.cpp; sourceTree = "<group>"; };
		AEA11CF81B819315003E4C2F /* Screens.h */ = {isa = PBXFileReference; fileEncoding = 4; lastKnownFileType = sourcecode.c.h; path = Screens.h; sourceTree = "<group>"; };
		AEA11CFA1B8193D1003E4C2F /* OSXSystem.cpp */ = {isa = PBXFileReference; fileEncoding = 4; lastKnownFileType = sourcecode.cpp.cpp; path = OSXSystem.cpp; sourceTree = "<group>"; };
		AEA11CFB1B8193D1003E4C2F /* System.h */ = {isa = PBXFileReference; fileEncoding = 4; lastKnownFileType = sourcecode.c.h; path = System.h; sourceTree = "<group>"; };
		AEA11CFD1B819473003E4C2F /* HardwareEvent.h */ = {isa = PBXFileReference; lastKnownFileType = sourcecode.c.h; path = HardwareEvent.h; sourceTree = "<group>"; };
		AEA11CFF1B819489003E4C2F /* MouseEvent.h */ = {isa = PBXFileReference; lastKnownFileType = sourcecode.c.h; path = MouseEvent.h; sourceTree = "<group>"; };
		AEA11D001B819492003E4C2F /* KeyboardEvent.h */ = {isa = PBXFileReference; lastKnownFileType = sourcecode.c.h; path = KeyboardEvent.h; sourceTree = "<group>"; };
/* End PBXFileReference section */

/* Begin PBXFrameworksBuildPhase section */
		AEA11CE41B81929F003E4C2F /* Frameworks */ = {
			isa = PBXFrameworksBuildPhase;
			buildActionMask = 2147483647;
			files = (
			);
			runOnlyForDeploymentPostprocessing = 0;
		};
/* End PBXFrameworksBuildPhase section */

/* Begin PBXGroup section */
		AEA11CDE1B81929E003E4C2F = {
			isa = PBXGroup;
			children = (
				AEA11CE91B81929F003E4C2F /* RemoteDesktop */,
				AEA11CE81B81929F003E4C2F /* Products */,
			);
			sourceTree = "<group>";
		};
		AEA11CE81B81929F003E4C2F /* Products */ = {
			isa = PBXGroup;
			children = (
				AEA11CE71B81929F003E4C2F /* RemoteDesktop */,
			);
			name = Products;
			sourceTree = "<group>";
		};
		AEA11CE91B81929F003E4C2F /* RemoteDesktop */ = {
			isa = PBXGroup;
			children = (
				AEA11CEA1B81929F003E4C2F /* main.cpp */,
				AEA11CF21B8192D9003E4C2F /* Screen.h */,
				AEA11CF41B819300003E4C2F /* OSXScreen.cpp */,
				AEA11CF51B819300003E4C2F /* OSXScreen.h */,
				AEA11CF71B819315003E4C2F /* OSXScreens.cpp */,
				AEA11CF81B819315003E4C2F /* Screens.h */,
				AEA11CFA1B8193D1003E4C2F /* OSXSystem.cpp */,
				AEA11CFB1B8193D1003E4C2F /* System.h */,
				AEA11CFD1B819473003E4C2F /* HardwareEvent.h */,
				AEA11CFF1B819489003E4C2F /* MouseEvent.h */,
				AEA11D001B819492003E4C2F /* KeyboardEvent.h */,
			);
			path = RemoteDesktop;
			sourceTree = "<group>";
		};
/* End PBXGroup section */

/* Begin PBXNativeTarget section */
		AEA11CE61B81929F003E4C2F /* RemoteDesktop */ = {
			isa = PBXNativeTarget;
			buildConfigurationList = AEA11CEE1B81929F003E4C2F /* Build configuration list for PBXNativeTarget "RemoteDesktop" */;
			buildPhases = (
				AEA11CE31B81929F003E4C2F /* Sources */,
				AEA11CE41B81929F003E4C2F /* Frameworks */,
				AEA11CE51B81929F003E4C2F /* CopyFiles */,
			);
			buildRules = (
			);
			dependencies = (
			);
			name = RemoteDesktop;
			productName = RemoteDesktop;
			productReference = AEA11CE71B81929F003E4C2F /* RemoteDesktop */;
			productType = "com.apple.product-type.tool";
		};
/* End PBXNativeTarget section */

/* Begin PBXProject section */
		AEA11CDF1B81929E003E4C2F /* Project object */ = {
			isa = PBXProject;
			attributes = {
				LastUpgradeCheck = 0640;
				ORGANIZATIONNAME = browsertap;
				TargetAttributes = {
					AEA11CE61B81929F003E4C2F = {
						CreatedOnToolsVersion = 6.4;
					};
				};
			};
			buildConfigurationList = AEA11CE21B81929E003E4C2F /* Build configuration list for PBXProject "RemoteDesktop" */;
			compatibilityVersion = "Xcode 3.2";
			developmentRegion = English;
			hasScannedForEncodings = 0;
			knownRegions = (
				en,
			);
			mainGroup = AEA11CDE1B81929E003E4C2F;
			productRefGroup = AEA11CE81B81929F003E4C2F /* Products */;
			projectDirPath = "";
			projectRoot = "";
			targets = (
				AEA11CE61B81929F003E4C2F /* RemoteDesktop */,
			);
		};
/* End PBXProject section */

/* Begin PBXSourcesBuildPhase section */
		AEA11CE31B81929F003E4C2F /* Sources */ = {
			isa = PBXSourcesBuildPhase;
			buildActionMask = 2147483647;
			files = (
				AEA11CF61B819300003E4C2F /* OSXScreen.cpp in Sources */,
				AEA11CFC1B8193D1003E4C2F /* OSXSystem.cpp in Sources */,
				AEA11CF91B819315003E4C2F /* OSXScreens.cpp in Sources */,
				AEA11CEB1B81929F003E4C2F /* main.cpp in Sources */,
			);
			runOnlyForDeploymentPostprocessing = 0;
		};
/* End PBXSourcesBuildPhase section */

/* Begin XCBuildConfiguration section */
		AEA11CEC1B81929F003E4C2F /* Debug */ = {
			isa = XCBuildConfiguration;
			buildSettings = {
				ALWAYS_SEARCH_USER_PATHS = NO;
				CLANG_CXX_LANGUAGE_STANDARD = "gnu++0x";
				CLANG_CXX_LIBRARY = "libc++";
				CLANG_ENABLE_MODULES = YES;
				CLANG_ENABLE_OBJC_ARC = YES;
				CLANG_WARN_BOOL_CONVERSION = YES;
				CLANG_WARN_CONSTANT_CONVERSION = YES;
				CLANG_WARN_DIRECT_OBJC_ISA_USAGE = YES_ERROR;
				CLANG_WARN_EMPTY_BODY = YES;
				CLANG_WARN_ENUM_CONVERSION = YES;
				CLANG_WARN_INT_CONVERSION = YES;
				CLANG_WARN_OBJC_ROOT_CLASS = YES_ERROR;
				CLANG_WARN_UNREACHABLE_CODE = YES;
				CLANG_WARN__DUPLICATE_METHOD_MATCH = YES;
				COPY_PHASE_STRIP = NO;
				DEBUG_INFORMATION_FORMAT = dwarf;
				ENABLE_STRICT_OBJC_MSGSEND = YES;
				GCC_C_LANGUAGE_STANDARD = gnu99;
				GCC_DYNAMIC_NO_PIC = NO;
				GCC_NO_COMMON_BLOCKS = YES;
				GCC_OPTIMIZATION_LEVEL = 0;
				GCC_PREPROCESSOR_DEFINITIONS = (
					"DEBUG=1",
					"$(inherited)",
				);
				GCC_SYMBOLS_PRIVATE_EXTERN = NO;
				GCC_WARN_64_TO_32_BIT_CONVERSION = YES;
				GCC_WARN_ABOUT_RETURN_TYPE = YES_ERROR;
				GCC_WARN_UNDECLARED_SELECTOR = YES;
				GCC_WARN_UNINITIALIZED_AUTOS = YES_AGGRESSIVE;
				GCC_WARN_UNUSED_FUNCTION = YES;
				GCC_WARN_UNUSED_VARIABLE = YES;
				MACOSX_DEPLOYMENT_TARGET = 10.10;
				MTL_ENABLE_DEBUG_INFO = YES;
				ONLY_ACTIVE_ARCH = YES;
				SDKROOT = macosx;
			};
			name = Debug;
		};
		AEA11CED1B81929F003E4C2F /* Release */ = {
			isa = XCBuildConfiguration;
			buildSettings = {
				ALWAYS_SEARCH_USER_PATHS = NO;
				CLANG_CXX_LANGUAGE_STANDARD = "gnu++0x";
				CLANG_CXX_LIBRARY = "libc++";
				CLANG_ENABLE_MODULES = YES;
				CLANG_ENABLE_OBJC_ARC = YES;
				CLANG_WARN_BOOL_CONVERSION = YES;
				CLANG_WARN_CONSTANT_CONVERSION = YES;
				CLANG_WARN_DIRECT_OBJC_ISA_USAGE = YES_ERROR;
				CLANG_WARN_EMPTY_BODY = YES;
				CLANG_WARN_ENUM_CONVERSION = YES;
				CLANG_WARN_INT_CONVERSION = YES;
				CLANG_WARN_OBJC_ROOT_CLASS = YES_ERROR;
				CLANG_WARN_UNREACHABLE_CODE = YES;
				CLANG_WARN__DUPLICATE_METHOD_MATCH = YES;
				COPY_PHASE_STRIP = NO;
				DEBUG_INFORMATION_FORMAT = "dwarf-with-dsym";
				ENABLE_NS_ASSERTIONS = NO;
				ENABLE_STRICT_OBJC_MSGSEND = YES;
				GCC_C_LANGUAGE_STANDARD = gnu99;
				GCC_NO_COMMON_BLOCKS = YES;
				GCC_WARN_64_TO_32_BIT_CONVERSION = YES;
				GCC_WARN_ABOUT_RETURN_TYPE = YES_ERROR;
				GCC_WARN_UNDECLARED_SELECTOR = YES;
				GCC_WARN_UNINITIALIZED_AUTOS = YES_AGGRESSIVE;
				GCC_WARN_UNUSED_FUNCTION = YES;
				GCC_WARN_UNUSED_VARIABLE = YES;
				MACOSX_DEPLOYMENT_TARGET = 10.10;
				MTL_ENABLE_DEBUG_INFO = NO;
				SDKROOT = macosx;
			};
			name = Release;
		};
		AEA11CEF1B81929F003E4C2F /* Debug */ = {
			isa = XCBuildConfiguration;
			buildSettings = {
				PRODUCT_NAME = "$(TARGET_NAME)";
			};
			name = Debug;
		};
		AEA11CF01B81929F003E4C2F /* Release */ = {
			isa = XCBuildConfiguration;
			buildSettings = {
				PRODUCT_NAME = "$(TARGET_NAME)";
			};
			name = Release;
		};
/* End XCBuildConfiguration section */

/* Begin XCConfigurationList section */
		AEA11CE21B81929E003E4C2F /* Build configuration list for PBXProject "RemoteDesktop" */ = {
			isa = XCConfigurationList;
			buildConfigurations = (
				AEA11CEC1B81929F003E4C2F /* Debug */,
				AEA11CED1B81929F003E4C2F /* Release */,
			);
			defaultConfigurationIsVisible = 0;
			defaultConfigurationName = Release;
		};
		AEA11CEE1B81929F003E4C2F /* Build configuration list for PBXNativeTarget "RemoteDesktop" */ = {
			isa = XCConfigurationList;
			buildConfigurations = (
				AEA11CEF1B81929F003E4C2F /* Debug */,
				AEA11CF01B81929F003E4C2F /* Release */,
			);
			defaultConfigurationIsVisible = 0;
		};
/* End XCConfigurationList section */
	};
	rootObject = AEA11CDF1B81929E003E4C2F /* Project object */;
}
